Microsoft Visual Studio Solution File, Format Version 12.00
# Visual Studio Version 17
VisualStudioVersion = 17.5.2.0
MinimumVisualStudioVersion = 10.0.40219.1
Project("{FAE04EC0-301F-11D3-BF4B-00C04F79EFBC}") = "ChatWithMyAnalysisServices", "ChatWithMyAnalysisServices\ChatWithMyAnalysisServices.csproj", "{353CEF16-5442-45C6-DC89-A895B4F7BAAF}"
EndProject
Global
	GlobalSection(SolutionConfigurationPlatforms) = preSolution
		Debug|Any CPU = Debug|Any CPU
		Release|Any CPU = Release|Any CPU
	EndGlobalSection
	GlobalSection(ProjectConfigurationPlatforms) = postSolution
		{353CEF16-5442-45C6-DC89-A895B4F7BAAF}.Debug|Any CPU.ActiveCfg = Debug|Any CPU
		{353CEF16-5442-45C6-DC89-A895B4F7BAAF}.Debug|Any CPU.Build.0 = Debug|Any CPU
		{353CEF16-5442-45C6-DC89-A895B4F7BAAF}.Release|Any CPU.ActiveCfg = Release|Any CPU
		{353CEF16-5442-45C6-DC89-A895B4F7BAAF}.Release|Any CPU.Build.0 = Release|Any CPU
	EndGlobalSection
	GlobalSection(SolutionProperties) = preSolution
		HideSolutionNode = FALSE
	EndGlobalSection
	GlobalSection(ExtensibilityGlobals) = postSolution
		SolutionGuid = {DE41D900-8399-4AD0-AC02-F4093A23F206}
	EndGlobalSection
EndGlobal
